// !$*UTF8*$!
{
	archiveVersion = 1;
	classes = {
	};
	objectVersion = 55;
	objects = {

/* Begin PBXBuildFile section */
		D5BCCA4228825CDA004223E5 /* AppDelegate.swift in Sources */ = {isa = PBXBuildFile; fileRef = D5BCCA4128825CDA004223E5 /* AppDelegate.swift */; };
		D5BCCA4428825CDA004223E5 /* SceneDelegate.swift in Sources */ = {isa = PBXBuildFile; fileRef = D5BCCA4328825CDA004223E5 /* SceneDelegate.swift */; };
		D5BCCA4628825CDA004223E5 /* ViewController.swift in Sources */ = {isa = PBXBuildFile; fileRef = D5BCCA4528825CDA004223E5 /* ViewController.swift */; };
		D5BCCA4928825CDA004223E5 /* Main.storyboard in Resources */ = {isa = PBXBuildFile; fileRef = D5BCCA4728825CDA004223E5 /* Main.storyboard */; };
		D5BCCA4B28825CDB004223E5 /* Assets.xcassets in Resources */ = {isa = PBXBuildFile; fileRef = D5BCCA4A28825CDB004223E5 /* Assets.xcassets */; };
		D5BCCA4E28825CDB004223E5 /* LaunchScreen.storyboard in Resources */ = {isa = PBXBuildFile; fileRef = D5BCCA4C28825CDB004223E5 /* LaunchScreen.storyboard */; };
		D5BCCA5928825CDB004223E5 /* iOs_PreworkTests.swift in Sources */ = {isa = PBXBuildFile; fileRef = D5BCCA5828825CDB004223E5 /* iOs_PreworkTests.swift */; };
		D5BCCA6328825CDB004223E5 /* iOs_PreworkUITests.swift in Sources */ = {isa = PBXBuildFile; fileRef = D5BCCA6228825CDB004223E5 /* iOs_PreworkUITests.swift */; };
		D5BCCA6528825CDB004223E5 /* iOs_PreworkUITestsLaunchTests.swift in Sources */ = {isa = PBXBuildFile; fileRef = D5BCCA6428825CDB004223E5 /* iOs_PreworkUITestsLaunchTests.swift */; };
/* End PBXBuildFile section */

/* Begin PBXContainerItemProxy section */
		D5BCCA5528825CDB004223E5 /* PBXContainerItemProxy */ = {
			isa = PBXContainerItemProxy;
			containerPortal = D5BCCA3628825CDA004223E5 /* Project object */;
			proxyType = 1;
			remoteGlobalIDString = D5BCCA3D28825CDA004223E5;
			remoteInfo = "iOs-Prework";
		};
		D5BCCA5F28825CDB004223E5 /* PBXContainerItemProxy */ = {
			isa = PBXContainerItemProxy;
			containerPortal = D5BCCA3628825CDA004223E5 /* Project object */;
			proxyType = 1;
			remoteGlobalIDString = D5BCCA3D28825CDA004223E5;
			remoteInfo = "iOs-Prework";
		};
/* End PBXContainerItemProxy section */

/* Begin PBXFileReference section */
		D5BCCA3E28825CDA004223E5 /* iOs-Prework.app */ = {isa = PBXFileReference; explicitFileType = wrapper.application; includeInIndex = 0; path = "iOs-Prework.app"; sourceTree = BUILT_PRODUCTS_DIR; };
		D5BCCA4128825CDA004223E5 /* AppDelegate.swift */ = {isa = PBXFileReference; lastKnownFileType = sourcecode.swift; path = AppDelegate.swift; sourceTree = "<group>"; };
		D5BCCA4328825CDA004223E5 /* SceneDelegate.swift */ = {isa = PBXFileReference; lastKnownFileType = sourcecode.swift; path = SceneDelegate.swift; sourceTree = "<group>"; };
		D5BCCA4528825CDA004223E5 /* ViewController.swift */ = {isa = PBXFileReference; lastKnownFileType = sourcecode.swift; path = ViewController.swift; sourceTree = "<group>"; };
		D5BCCA4828825CDA004223E5 /* Base */ = {isa = PBXFileReference; lastKnownFileType = file.storyboard; name = Base; path = Base.lproj/Main.storyboard; sourceTree = "<group>"; };
		D5BCCA4A28825CDB004223E5 /* Assets.xcassets */ = {isa = PBXFileReference; lastKnownFileType = folder.assetcatalog; path = Assets.xcassets; sourceTree = "<group>"; };
		D5BCCA4D28825CDB004223E5 /* Base */ = {isa = PBXFileReference; lastKnownFileType = file.storyboard; name = Base; path = Base.lproj/LaunchScreen.storyboard; sourceTree = "<group>"; };
		D5BCCA4F28825CDB004223E5 /* Info.plist */ = {isa = PBXFileReference; lastKnownFileType = text.plist.xml; path = Info.plist; sourceTree = "<group>"; };
		D5BCCA5428825CDB004223E5 /* iOs-PreworkTests.xctest */ = {isa = PBXFileReference; explicitFileType = wrapper.cfbundle; includeInIndex = 0; path = "iOs-PreworkTests.xctest"; sourceTree = BUILT_PRODUCTS_DIR; };
		D5BCCA5828825CDB004223E5 /* iOs_PreworkTests.swift */ = {isa = PBXFileReference; lastKnownFileType = sourcecode.swift; path = iOs_PreworkTests.swift; sourceTree = "<group>"; };
		D5BCCA5E28825CDB004223E5 /* iOs-PreworkUITests.xctest */ = {isa = PBXFileReference; explicitFileType = wrapper.cfbundle; includeInIndex = 0; path = "iOs-PreworkUITests.xctest"; sourceTree = BUILT_PRODUCTS_DIR; };
		D5BCCA6228825CDB004223E5 /* iOs_PreworkUITests.swift */ = {isa = PBXFileReference; lastKnownFileType = sourcecode.swift; path = iOs_PreworkUITests.swift; sourceTree = "<group>"; };
		D5BCCA6428825CDB004223E5 /* iOs_PreworkUITestsLaunchTests.swift */ = {isa = PBXFileReference; lastKnownFileType = sourcecode.swift; path = iOs_PreworkUITestsLaunchTests.swift; sourceTree = "<group>"; };
/* End PBXFileReference section */

/* Begin PBXFrameworksBuildPhase section */
		D5BCCA3B28825CDA004223E5 /* Frameworks */ = {
			isa = PBXFrameworksBuildPhase;
			buildActionMask = 2147483647;
			files = (
			);
			runOnlyForDeploymentPostprocessing = 0;
		};
		D5BCCA5128825CDB004223E5 /* Frameworks */ = {
			isa = PBXFrameworksBuildPhase;
			buildActionMask = 2147483647;
			files = (
			);
			runOnlyForDeploymentPostprocessing = 0;
		};
		D5BCCA5B28825CDB004223E5 /* Frameworks */ = {
			isa = PBXFrameworksBuildPhase;
			buildActionMask = 2147483647;
			files = (
			);
			runOnlyForDeploymentPostprocessing = 0;
		};
/* End PBXFrameworksBuildPhase section */

/* Begin PBXGroup section */
		D5BCCA3528825CDA004223E5 = {
			isa = PBXGroup;
			children = (
				D5BCCA4028825CDA004223E5 /* iOs-Prework */,
				D5BCCA5728825CDB004223E5 /* iOs-PreworkTests */,
				D5BCCA6128825CDB004223E5 /* iOs-PreworkUITests */,
				D5BCCA3F28825CDA004223E5 /* Products */,
			);
			sourceTree = "<group>";
		};
		D5BCCA3F28825CDA004223E5 /* Products */ = {
			isa = PBXGroup;
			children = (
				D5BCCA3E28825CDA004223E5 /* iOs-Prework.app */,
				D5BCCA5428825CDB004223E5 /* iOs-PreworkTests.xctest */,
				D5BCCA5E28825CDB004223E5 /* iOs-PreworkUITests.xctest */,
			);
			name = Products;
			sourceTree = "<group>";
		};
		D5BCCA4028825CDA004223E5 /* iOs-Prework */ = {
			isa = PBXGroup;
			children = (
				D5BCCA4128825CDA004223E5 /* AppDelegate.swift */,
				D5BCCA4328825CDA004223E5 /* SceneDelegate.swift */,
				D5BCCA4528825CDA004223E5 /* ViewController.swift */,
				D5BCCA4728825CDA004223E5 /* Main.storyboard */,
				D5BCCA4A28825CDB004223E5 /* Assets.xcassets */,
				D5BCCA4C28825CDB004223E5 /* LaunchScreen.storyboard */,
				D5BCCA4F28825CDB004223E5 /* Info.plist */,
			);
			path = "iOs-Prework";
			sourceTree = "<group>";
		};
		D5BCCA5728825CDB004223E5 /* iOs-PreworkTests */ = {
			isa = PBXGroup;
			children = (
				D5BCCA5828825CDB004223E5 /* iOs_PreworkTests.swift */,
			);
			path = "iOs-PreworkTests";
			sourceTree = "<group>";
		};
		D5BCCA6128825CDB004223E5 /* iOs-PreworkUITests */ = {
			isa = PBXGroup;
			children = (
				D5BCCA6228825CDB004223E5 /* iOs_PreworkUITests.swift */,
				D5BCCA6428825CDB004223E5 /* iOs_PreworkUITestsLaunchTests.swift */,
			);
			path = "iOs-PreworkUITests";
			sourceTree = "<group>";
		};
/* End PBXGroup section */

/* Begin PBXNativeTarget section */
		D5BCCA3D28825CDA004223E5 /* iOs-Prework */ = {
			isa = PBXNativeTarget;
			buildConfigurationList = D5BCCA6828825CDB004223E5 /* Build configuration list for PBXNativeTarget "iOs-Prework" */;
			buildPhases = (
				D5BCCA3A28825CDA004223E5 /* Sources */,
				D5BCCA3B28825CDA004223E5 /* Frameworks */,
				D5BCCA3C28825CDA004223E5 /* Resources */,
			);
			buildRules = (
			);
			dependencies = (
			);
			name = "iOs-Prework";
			productName = "iOs-Prework";
			productReference = D5BCCA3E28825CDA004223E5 /* iOs-Prework.app */;
			productType = "com.apple.product-type.application";
		};
		D5BCCA5328825CDB004223E5 /* iOs-PreworkTests */ = {
			isa = PBXNativeTarget;
			buildConfigurationList = D5BCCA6B28825CDB004223E5 /* Build configuration list for PBXNativeTarget "iOs-PreworkTests" */;
			buildPhases = (
				D5BCCA5028825CDB004223E5 /* Sources */,
				D5BCCA5128825CDB004223E5 /* Frameworks */,
				D5BCCA5228825CDB004223E5 /* Resources */,
			);
			buildRules = (
			);
			dependencies = (
				D5BCCA5628825CDB004223E5 /* PBXTargetDependency */,
			);
			name = "iOs-PreworkTests";
			productName = "iOs-PreworkTests";
			productReference = D5BCCA5428825CDB004223E5 /* iOs-PreworkTests.xctest */;
			productType = "com.apple.product-type.bundle.unit-test";
		};
		D5BCCA5D28825CDB004223E5 /* iOs-PreworkUITests */ = {
			isa = PBXNativeTarget;
			buildConfigurationList = D5BCCA6E28825CDB004223E5 /* Build configuration list for PBXNativeTarget "iOs-PreworkUITests" */;
			buildPhases = (
				D5BCCA5A28825CDB004223E5 /* Sources */,
				D5BCCA5B28825CDB004223E5 /* Frameworks */,
				D5BCCA5C28825CDB004223E5 /* Resources */,
			);
			buildRules = (
			);
			dependencies = (
				D5BCCA6028825CDB004223E5 /* PBXTargetDependency */,
			);
			name = "iOs-PreworkUITests";
			productName = "iOs-PreworkUITests";
			productReference = D5BCCA5E28825CDB004223E5 /* iOs-PreworkUITests.xctest */;
			productType = "com.apple.product-type.bundle.ui-testing";
		};
/* End PBXNativeTarget section */

/* Begin PBXProject section */
		D5BCCA3628825CDA004223E5 /* Project object */ = {
			isa = PBXProject;
			attributes = {
				BuildIndependentTargetsInParallel = 1;
				LastSwiftUpdateCheck = 1340;
				LastUpgradeCheck = 1340;
				TargetAttributes = {
					D5BCCA3D28825CDA004223E5 = {
						CreatedOnToolsVersion = 13.4.1;
					};
					D5BCCA5328825CDB004223E5 = {
						CreatedOnToolsVersion = 13.4.1;
						TestTargetID = D5BCCA3D28825CDA004223E5;
					};
					D5BCCA5D28825CDB004223E5 = {
						CreatedOnToolsVersion = 13.4.1;
						TestTargetID = D5BCCA3D28825CDA004223E5;
					};
				};
			};
			buildConfigurationList = D5BCCA3928825CDA004223E5 /* Build configuration list for PBXProject "iOs-Prework" */;
			compatibilityVersion = "Xcode 13.0";
			developmentRegion = en;
			hasScannedForEncodings = 0;
			knownRegions = (
				en,
				Base,
			);
			mainGroup = D5BCCA3528825CDA004223E5;
			productRefGroup = D5BCCA3F28825CDA004223E5 /* Products */;
			projectDirPath = "";
			projectRoot = "";
			targets = (
				D5BCCA3D28825CDA004223E5 /* iOs-Prework */,
				D5BCCA5328825CDB004223E5 /* iOs-PreworkTests */,
				D5BCCA5D28825CDB004223E5 /* iOs-PreworkUITests */,
			);
		};
/* End PBXProject section */

/* Begin PBXResourcesBuildPhase section */
		D5BCCA3C28825CDA004223E5 /* Resources */ = {
			isa = PBXResourcesBuildPhase;
			buildActionMask = 2147483647;
			files = (
				D5BCCA4E28825CDB004223E5 /* LaunchScreen.storyboard in Resources */,
				D5BCCA4B28825CDB004223E5 /* Assets.xcassets in Resources */,
				D5BCCA4928825CDA004223E5 /* Main.storyboard in Resources */,
			);
			runOnlyForDeploymentPostprocessing = 0;
		};
		D5BCCA5228825CDB004223E5 /* Resources */ = {
			isa = PBXResourcesBuildPhase;
			buildActionMask = 2147483647;
			files = (
			);
			runOnlyForDeploymentPostprocessing = 0;
		};
		D5BCCA5C28825CDB004223E5 /* Resources */ = {
			isa = PBXResourcesBuildPhase;
			buildActionMask = 2147483647;
			files = (
			);
			runOnlyForDeploymentPostprocessing = 0;
		};
/* End PBXResourcesBuildPhase section */

/* Begin PBXSourcesBuildPhase section */
		D5BCCA3A28825CDA004223E5 /* Sources */ = {
			isa = PBXSourcesBuildPhase;
			buildActionMask = 2147483647;
			files = (
				D5BCCA4628825CDA004223E5 /* ViewController.swift in Sources */,
				D5BCCA4228825CDA004223E5 /* AppDelegate.swift in Sources */,
				D5BCCA4428825CDA004223E5 /* SceneDelegate.swift in Sources */,
			);
			runOnlyForDeploymentPostprocessing = 0;
		};
		D5BCCA5028825CDB004223E5 /* Sources */ = {
			isa = PBXSourcesBuildPhase;
			buildActionMask = 2147483647;
			files = (
				D5BCCA5928825CDB004223E5 /* iOs_PreworkTests.swift in Sources */,
			);
			runOnlyForDeploymentPostprocessing = 0;
		};
		D5BCCA5A28825CDB004223E5 /* Sources */ = {
			isa = PBXSourcesBuildPhase;
			buildActionMask = 2147483647;
			files = (
				D5BCCA6328825CDB004223E5 /* iOs_PreworkUITests.swift in Sources */,
				D5BCCA6528825CDB004223E5 /* iOs_PreworkUITestsLaunchTests.swift in Sources */,
			);
			runOnlyForDeploymentPostprocessing = 0;
		};
/* End PBXSourcesBuildPhase section */

/* Begin PBXTargetDependency section */
		D5BCCA5628825CDB004223E5 /* PBXTargetDependency */ = {
			isa = PBXTargetDependency;
			target = D5BCCA3D28825CDA004223E5 /* iOs-Prework */;
			targetProxy = D5BCCA5528825CDB004223E5 /* PBXContainerItemProxy */;
		};
		D5BCCA6028825CDB004223E5 /* PBXTargetDependency */ = {
			isa = PBXTargetDependency;
			target = D5BCCA3D28825CDA004223E5 /* iOs-Prework */;
			targetProxy = D5BCCA5F28825CDB004223E5 /* PBXContainerItemProxy */;
		};
/* End PBXTargetDependency section */

/* Begin PBXVariantGroup section */
		D5BCCA4728825CDA004223E5 /* Main.storyboard */ = {
			isa = PBXVariantGroup;
			children = (
				D5BCCA4828825CDA004223E5 /* Base */,
			);
			name = Main.storyboard;
			sourceTree = "<group>";
		};
		D5BCCA4C28825CDB004223E5 /* LaunchScreen.storyboard */ = {
			isa = PBXVariantGroup;
			children = (
				D5BCCA4D28825CDB004223E5 /* Base */,
			);
			name = LaunchScreen.storyboard;
			sourceTree = "<group>";
		};
/* End PBXVariantGroup section */

/* Begin XCBuildConfiguration section */
		D5BCCA6628825CDB004223E5 /* Debug */ = {
			isa = XCBuildConfiguration;
			buildSettings = {
				ALWAYS_SEARCH_USER_PATHS = NO;
				CLANG_ANALYZER_NONNULL = YES;
				CLANG_ANALYZER_NUMBER_OBJECT_CONVERSION = YES_AGGRESSIVE;
				CLANG_CXX_LANGUAGE_STANDARD = "gnu++17";
				CLANG_ENABLE_MODULES = YES;
				CLANG_ENABLE_OBJC_ARC = YES;
				CLANG_ENABLE_OBJC_WEAK = YES;
				CLANG_WARN_BLOCK_CAPTURE_AUTORELEASING = YES;
				CLANG_WARN_BOOL_CONVERSION = YES;
				CLANG_WARN_COMMA = YES;
				CLANG_WARN_CONSTANT_CONVERSION = YES;
				CLANG_WARN_DEPRECATED_OBJC_IMPLEMENTATIONS = YES;
				CLANG_WARN_DIRECT_OBJC_ISA_USAGE = YES_ERROR;
				CLANG_WARN_DOCUMENTATION_COMMENTS = YES;
				CLANG_WARN_EMPTY_BODY = YES;
				CLANG_WARN_ENUM_CONVERSION = YES;
				CLANG_WARN_INFINITE_RECURSION = YES;
				CLANG_WARN_INT_CONVERSION = YES;
				CLANG_WARN_NON_LITERAL_NULL_CONVERSION = YES;
				CLANG_WARN_OBJC_IMPLICIT_RETAIN_SELF = YES;
				CLANG_WARN_OBJC_LITERAL_CONVERSION = YES;
				CLANG_WARN_OBJC_ROOT_CLASS = YES_ERROR;
				CLANG_WARN_QUOTED_INCLUDE_IN_FRAMEWORK_HEADER = YES;
				CLANG_WARN_RANGE_LOOP_ANALYSIS = YES;
				CLANG_WARN_STRICT_PROTOTYPES = YES;
				CLANG_WARN_SUSPICIOUS_MOVE = YES;
				CLANG_WARN_UNGUARDED_AVAILABILITY = YES_AGGRESSIVE;
				CLANG_WARN_UNREACHABLE_CODE = YES;
				CLANG_WARN__DUPLICATE_METHOD_MATCH = YES;
				COPY_PHASE_STRIP = NO;
				DEBUG_INFORMATION_FORMAT = dwarf;
				ENABLE_STRICT_OBJC_MSGSEND = YES;
				ENABLE_TESTABILITY = YES;
				GCC_C_LANGUAGE_STANDARD = gnu11;
				GCC_DYNAMIC_NO_PIC = NO;
				GCC_NO_COMMON_BLOCKS = YES;
				GCC_OPTIMIZATION_LEVEL = 0;
				GCC_PREPROCESSOR_DEFINITIONS = (
					"DEBUG=1",
					"$(inherited)",
				);
				GCC_WARN_64_TO_32_BIT_CONVERSION = YES;
				GCC_WARN_ABOUT_RETURN_TYPE = YES_ERROR;
				GCC_WARN_UNDECLARED_SELECTOR = YES;
				GCC_WARN_UNINITIALIZED_AUTOS = YES_AGGRESSIVE;
				GCC_WARN_UNUSED_FUNCTION = YES;
				GCC_WARN_UNUSED_VARIABLE = YES;
				IPHONEOS_DEPLOYMENT_TARGET = 15.5;
				MTL_ENABLE_DEBUG_INFO = INCLUDE_SOURCE;
				MTL_FAST_MATH = YES;
				ONLY_ACTIVE_ARCH = YES;
				SDKROOT = iphoneos;
				SWIFT_ACTIVE_COMPILATION_CONDITIONS = DEBUG;
				SWIFT_OPTIMIZATION_LEVEL = "-Onone";
			};
			name = Debug;
		};
		D5BCCA6728825CDB004223E5 /* Release */ = {
			isa = XCBuildConfiguration;
			buildSettings = {
				ALWAYS_SEARCH_USER_PATHS = NO;
				CLANG_ANALYZER_NONNULL = YES;
				CLANG_ANALYZER_NUMBER_OBJECT_CONVERSION = YES_AGGRESSIVE;
				CLANG_CXX_LANGUAGE_STANDARD = "gnu++17";
				CLANG_ENABLE_MODULES = YES;
				CLANG_ENABLE_OBJC_ARC = YES;
				CLANG_ENABLE_OBJC_WEAK = YES;
				CLANG_WARN_BLOCK_CAPTURE_AUTORELEASING = YES;
				CLANG_WARN_BOOL_CONVERSION = YES;
				CLANG_WARN_COMMA = YES;
				CLANG_WARN_CONSTANT_CONVERSION = YES;
				CLANG_WARN_DEPRECATED_OBJC_IMPLEMENTATIONS = YES;
				CLANG_WARN_DIRECT_OBJC_ISA_USAGE = YES_ERROR;
				CLANG_WARN_DOCUMENTATION_COMMENTS = YES;
				CLANG_WARN_EMPTY_BODY = YES;
				CLANG_WARN_ENUM_CONVERSION = YES;
				CLANG_WARN_INFINITE_RECURSION = YES;
				CLANG_WARN_INT_CONVERSION = YES;
				CLANG_WARN_NON_LITERAL_NULL_CONVERSION = YES;
				CLANG_WARN_OBJC_IMPLICIT_RETAIN_SELF = YES;
				CLANG_WARN_OBJC_LITERAL_CONVERSION = YES;
				CLANG_WARN_OBJC_ROOT_CLASS = YES_ERROR;
				CLANG_WARN_QUOTED_INCLUDE_IN_FRAMEWORK_HEADER = YES;
				CLANG_WARN_RANGE_LOOP_ANALYSIS = YES;
				CLANG_WARN_STRICT_PROTOTYPES = YES;
				CLANG_WARN_SUSPICIOUS_MOVE = YES;
				CLANG_WARN_UNGUARDED_AVAILABILITY = YES_AGGRESSIVE;
				CLANG_WARN_UNREACHABLE_CODE = YES;
				CLANG_WARN__DUPLICATE_METHOD_MATCH = YES;
				COPY_PHASE_STRIP = NO;
				DEBUG_INFORMATION_FORMAT = "dwarf-with-dsym";
				ENABLE_NS_ASSERTIONS = NO;
				ENABLE_STRICT_OBJC_MSGSEND = YES;
				GCC_C_LANGUAGE_STANDARD = gnu11;
				GCC_NO_COMMON_BLOCKS = YES;
				GCC_WARN_64_TO_32_BIT_CONVERSION = YES;
				GCC_WARN_ABOUT_RETURN_TYPE = YES_ERROR;
				GCC_WARN_UNDECLARED_SELECTOR = YES;
				GCC_WARN_UNINITIALIZED_AUTOS = YES_AGGRESSIVE;
				GCC_WARN_UNUSED_FUNCTION = YES;
				GCC_WARN_UNUSED_VARIABLE = YES;
				IPHONEOS_DEPLOYMENT_TARGET = 15.5;
				MTL_ENABLE_DEBUG_INFO = NO;
				MTL_FAST_MATH = YES;
				SDKROOT = iphoneos;
				SWIFT_COMPILATION_MODE = wholemodule;
				SWIFT_OPTIMIZATION_LEVEL = "-O";
				VALIDATE_PRODUCT = YES;
			};
			name = Release;
		};
		D5BCCA6928825CDB004223E5 /* Debug */ = {
			isa = XCBuildConfiguration;
			buildSettings = {
				ASSETCATALOG_COMPILER_APPICON_NAME = AppIcon;
				ASSETCATALOG_COMPILER_GLOBAL_ACCENT_COLOR_NAME = AccentColor;
				CODE_SIGN_STYLE = Automatic;
				CURRENT_PROJECT_VERSION = 1;
				DEVELOPMENT_TEAM = YBSFH9777H;
				GENERATE_INFOPLIST_FILE = YES;
				INFOPLIST_FILE = "iOs-Prework/Info.plist";
				INFOPLIST_KEY_UIApplicationSupportsIndirectInputEvents = YES;
				INFOPLIST_KEY_UILaunchStoryboardName = LaunchScreen;
				INFOPLIST_KEY_UIMainStoryboardFile = Main;
				INFOPLIST_KEY_UISupportedInterfaceOrientations_iPad = "UIInterfaceOrientationPortrait UIInterfaceOrientationPortraitUpsideDown UIInterfaceOrientationLandscapeLeft UIInterfaceOrientationLandscapeRight";
				INFOPLIST_KEY_UISupportedInterfaceOrientations_iPhone = "UIInterfaceOrientationPortrait UIInterfaceOrientationLandscapeLeft UIInterfaceOrientationLandscapeRight";
				LD_RUNPATH_SEARCH_PATHS = (
					"$(inherited)",
					"@executable_path/Frameworks",
				);
				MARKETING_VERSION = 1.0;
				PRODUCT_BUNDLE_IDENTIFIER = "vmalabanan.com.iOs-Prework";
				PRODUCT_NAME = "$(TARGET_NAME)";
				SWIFT_EMIT_LOC_STRINGS = YES;
				SWIFT_VERSION = 5.0;
				TARGETED_DEVICE_FAMILY = "1,2";
			};
			name = Debug;
		};
		D5BCCA6A28825CDB004223E5 /* Release */ = {
			isa = XCBuildConfiguration;
			buildSettings = {
				ASSETCATALOG_COMPILER_APPICON_NAME = AppIcon;
				ASSETCATALOG_COMPILER_GLOBAL_ACCENT_COLOR_NAME = AccentColor;
				CODE_SIGN_STYLE = Automatic;
				CURRENT_PROJECT_VERSION = 1;
				DEVELOPMENT_TEAM = YBSFH9777H;
				GENERATE_INFOPLIST_FILE = YES;
				INFOPLIST_FILE = "iOs-Prework/Info.plist";
				INFOPLIST_KEY_UIApplicationSupportsIndirectInputEvents = YES;
				INFOPLIST_KEY_UILaunchStoryboardName = LaunchScreen;
				INFOPLIST_KEY_UIMainStoryboardFile = Main;
				INFOPLIST_KEY_UISupportedInterfaceOrientations_iPad = "UIInterfaceOrientationPortrait UIInterfaceOrientationPortraitUpsideDown UIInterfaceOrientationLandscapeLeft UIInterfaceOrientationLandscapeRight";
				INFOPLIST_KEY_UISupportedInterfaceOrientations_iPhone = "UIInterfaceOrientationPortrait UIInterfaceOrientationLandscapeLeft UIInterfaceOrientationLandscapeRight";
				LD_RUNPATH_SEARCH_PATHS = (
					"$(inherited)",
					"@executable_path/Frameworks",
				);
				MARKETING_VERSION = 1.0;
				PRODUCT_BUNDLE_IDENTIFIER = "vmalabanan.com.iOs-Prework";
				PRODUCT_NAME = "$(TARGET_NAME)";
				SWIFT_EMIT_LOC_STRINGS = YES;
				SWIFT_VERSION = 5.0;
				TARGETED_DEVICE_FAMILY = "1,2";
			};
			name = Release;
		};
		D5BCCA6C28825CDB004223E5 /* Debug */ = {
			isa = XCBuildConfiguration;
			buildSettings = {
				ALWAYS_EMBED_SWIFT_STANDARD_LIBRARIES = YES;
				BUNDLE_LOADER = "$(TEST_HOST)";
				CODE_SIGN_STYLE = Automatic;
				CURRENT_PROJECT_VERSION = 1;
				DEVELOPMENT_TEAM = YBSFH9777H;
				GENERATE_INFOPLIST_FILE = YES;
				IPHONEOS_DEPLOYMENT_TARGET = 15.5;
				MARKETING_VERSION = 1.0;
				PRODUCT_BUNDLE_IDENTIFIER = "vmalabanan.com.iOs-PreworkTests";
				PRODUCT_NAME = "$(TARGET_NAME)";
				SWIFT_EMIT_LOC_STRINGS = NO;
				SWIFT_VERSION = 5.0;
				TARGETED_DEVICE_FAMILY = "1,2";
				TEST_HOST = "$(BUILT_PRODUCTS_DIR)/iOs-Prework.app/iOs-Prework";
			};
			name = Debug;
		};
		D5BCCA6D28825CDB004223E5 /* Release */ = {
			isa = XCBuildConfiguration;
			buildSettings = {
				ALWAYS_EMBED_SWIFT_STANDARD_LIBRARIES = YES;
				BUNDLE_LOADER = "$(TEST_HOST)";
				CODE_SIGN_STYLE = Automatic;
				CURRENT_PROJECT_VERSION = 1;
				DEVELOPMENT_TEAM = YBSFH9777H;
				GENERATE_INFOPLIST_FILE = YES;
				IPHONEOS_DEPLOYMENT_TARGET = 15.5;
				MARKETING_VERSION = 1.0;
				PRODUCT_BUNDLE_IDENTIFIER = "vmalabanan.com.iOs-PreworkTests";
				PRODUCT_NAME = "$(TARGET_NAME)";
				SWIFT_EMIT_LOC_STRINGS = NO;
				SWIFT_VERSION = 5.0;
				TARGETED_DEVICE_FAMILY = "1,2";
				TEST_HOST = "$(BUILT_PRODUCTS_DIR)/iOs-Prework.app/iOs-Prework";
			};
			name = Release;
		};
		D5BCCA6F28825CDB004223E5 /* Debug */ = {
			isa = XCBuildConfiguration;
			buildSettings = {
				ALWAYS_EMBED_SWIFT_STANDARD_LIBRARIES = YES;
				CODE_SIGN_STYLE = Automatic;
				CURRENT_PROJECT_VERSION = 1;
				DEVELOPMENT_TEAM = YBSFH9777H;
				GENERATE_INFOPLIST_FILE = YES;
				MARKETING_VERSION = 1.0;
				PRODUCT_BUNDLE_IDENTIFIER = "vmalabanan.com.iOs-PreworkUITests";
				PRODUCT_NAME = "$(TARGET_NAME)";
				SWIFT_EMIT_LOC_STRINGS = NO;
				SWIFT_VERSION = 5.0;
				TARGETED_DEVICE_FAMILY = "1,2";
				TEST_TARGET_NAME = "iOs-Prework";
			};
			name = Debug;
		};
		D5BCCA7028825CDB004223E5 /* Release */ = {
			isa = XCBuildConfiguration;
			buildSettings = {
				ALWAYS_EMBED_SWIFT_STANDARD_LIBRARIES = YES;
				CODE_SIGN_STYLE = Automatic;
				CURRENT_PROJECT_VERSION = 1;
				DEVELOPMENT_TEAM = YBSFH9777H;
				GENERATE_INFOPLIST_FILE = YES;
				MARKETING_VERSION = 1.0;
				PRODUCT_BUNDLE_IDENTIFIER = "vmalabanan.com.iOs-PreworkUITests";
				PRODUCT_NAME = "$(TARGET_NAME)";
				SWIFT_EMIT_LOC_STRINGS = NO;
				SWIFT_VERSION = 5.0;
				TARGETED_DEVICE_FAMILY = "1,2";
				TEST_TARGET_NAME = "iOs-Prework";
			};
			name = Release;
		};
/* End XCBuildConfiguration section */

/* Begin XCConfigurationList section */
		D5BCCA3928825CDA004223E5 /* Build configuration list for PBXProject "iOs-Prework" */ = {
			isa = XCConfigurationList;
			buildConfigurations = (
				D5BCCA6628825CDB004223E5 /* Debug */,
				D5BCCA6728825CDB004223E5 /* Release */,
			);
			defaultConfigurationIsVisible = 0;
			defaultConfigurationName = Release;
		};
		D5BCCA6828825CDB004223E5 /* Build configuration list for PBXNativeTarget "iOs-Prework" */ = {
			isa = XCConfigurationList;
			buildConfigurations = (
				D5BCCA6928825CDB004223E5 /* Debug */,
				D5BCCA6A28825CDB004223E5 /* Release */,
			);
			defaultConfigurationIsVisible = 0;
			defaultConfigurationName = Release;
		};
		D5BCCA6B28825CDB004223E5 /* Build configuration list for PBXNativeTarget "iOs-PreworkTests" */ = {
			isa = XCConfigurationList;
			buildConfigurations = (
				D5BCCA6C28825CDB004223E5 /* Debug */,
				D5BCCA6D28825CDB004223E5 /* Release */,
			);
			defaultConfigurationIsVisible = 0;
			defaultConfigurationName = Release;
		};
		D5BCCA6E28825CDB004223E5 /* Build configuration list for PBXNativeTarget "iOs-PreworkUITests" */ = {
			isa = XCConfigurationList;
			buildConfigurations = (
				D5BCCA6F28825CDB004223E5 /* Debug */,
				D5BCCA7028825CDB004223E5 /* Release */,
			);
			defaultConfigurationIsVisible = 0;
			defaultConfigurationName = Release;
		};
/* End XCConfigurationList section */
	};
	rootObject = D5BCCA3628825CDA004223E5 /* Project object */;
}
